
Microsoft Visual Studio Solution File, Format Version 12.00
# Visual Studio Version 17
VisualStudioVersion = 17.9.34728.123
MinimumVisualStudioVersion = 10.0.40219.1
Project("{FAE04EC0-301F-11D3-BF4B-00C04F79EFBC}") = "MinhaPrimeiraApi", "MinhaPrimeiraApi\MinhaPrimeiraApi.csproj", "{2B19EE4E-327F-44E2-B2D8-8CDE29C1DE93}"
EndProject
Global
	GlobalSection(SolutionConfigurationPlatforms) = preSolution
		Debug|Any CPU = Debug|Any CPU
		Release|Any CPU = Release|Any CPU
	EndGlobalSection
	GlobalSection(ProjectConfigurationPlatforms) = postSolution
		{2B19EE4E-327F-44E2-B2D8-8CDE29C1DE93}.Debug|Any CPU.ActiveCfg = Debug|Any CPU
		{2B19EE4E-327F-44E2-B2D8-8CDE29C1DE93}.Debug|Any CPU.Build.0 = Debug|Any CPU
		{2B19EE4E-327F-44E2-B2D8-8CDE29C1DE93}.Release|Any CPU.ActiveCfg = Release|Any CPU
		{2B19EE4E-327F-44E2-B2D8-8CDE29C1DE93}.Release|Any CPU.Build.0 = Release|Any CPU
	EndGlobalSection
	GlobalSection(SolutionProperties) = preSolution
		HideSolutionNode = FALSE
	EndGlobalSection
	GlobalSection(ExtensibilityGlobals) = postSolution
		SolutionGuid = {B4E2E1E1-8C30-417B-824A-816B0288F816}
	EndGlobalSection
EndGlobal
